Microsoft Visual Studio Solution File, Format Version 11.00
# Visual Studio 2008

Project("{5891DA2D-6497-5CAE-48D1-75D1E001F5DA}") = "objects", "Assembly-CSharp.csproj", "{5DB890E7-4534-30FC-03A2-0BA6E905F961}"
EndProject
Global
	GlobalSection(SolutionConfigurationPlatforms) = preSolution
		Debug|Any CPU = Debug|Any CPU
		Release|Any CPU = Release|Any CPU
	EndGlobalSection
	GlobalSection(ProjectConfigurationPlatforms) = postSolution
		{5DB890E7-4534-30FC-03A2-0BA6E905F961}.Debug|Any CPU.ActiveCfg = Debug|Any CPU
		{5DB890E7-4534-30FC-03A2-0BA6E905F961}.Debug|Any CPU.Build.0 = Debug|Any CPU
		{5DB890E7-4534-30FC-03A2-0BA6E905F961}.Release|Any CPU.ActiveCfg = Release|Any CPU
		{5DB890E7-4534-30FC-03A2-0BA6E905F961}.Release|Any CPU.Build.0 = Release|Any CPU
	EndGlobalSection
	GlobalSection(SolutionProperties) = preSolution
		HideSolutionNode = FALSE
	EndGlobalSection
						GlobalSection(MonoDevelopProperties) = preSolution
		StartupItem = Assembly-CSharp.csproj
		Policies = $0
		$0.TextStylePolicy = $1
		$1.inheritsSet = null
		$1.scope = text/x-csharp
		$0.CSharpFormattingPolicy = $2
		$2.inheritsSet = Mono
		$2.inheritsScope = text/x-csharp
		$2.scope = text/x-csharp
		$0.TextStylePolicy = $3
		$3.FileWidth = 120
		$3.TabWidth = 4
		$3.EolMarker = Unix
		$3.inheritsSet = Mono
		$3.inheritsScope = text/plain
		$3.scope = text/plain
	EndGlobalSection

EndGlobal
