Microsoft Visual Studio Solution File, Format Version 11.00
# Visual Studio 2008

Project("{71A46EE2-797F-769F-9E6D-7C87241AEF04}") = "AnimPrinciplesB", "Assembly-CSharp-firstpass.csproj", "{74E1CFCC-AC9B-EEFA-3857-9B97062BEF3E}"
EndProject
Project("{71A46EE2-797F-769F-9E6D-7C87241AEF04}") = "AnimPrinciplesB", "Assembly-CSharp.csproj", "{10AC4B5F-B5A9-8B1C-4071-C4041B67CA50}"
EndProject
Project("{71A46EE2-797F-769F-9E6D-7C87241AEF04}") = "AnimPrinciplesB", "Assembly-UnityScript-firstpass.unityproj", "{319D8282-1DB9-205B-EA99-FC231016A12A}"
EndProject
Project("{71A46EE2-797F-769F-9E6D-7C87241AEF04}") = "AnimPrinciplesB", "Assembly-UnityScript.unityproj", "{91070EDC-DE0E-2947-3167-ABDF6BF98C80}"
EndProject
Global
	GlobalSection(SolutionConfigurationPlatforms) = preSolution
		Debug|Any CPU = Debug|Any CPU
		Release|Any CPU = Release|Any CPU
	EndGlobalSection
	GlobalSection(ProjectConfigurationPlatforms) = postSolution
		{74E1CFCC-AC9B-EEFA-3857-9B97062BEF3E}.Debug|Any CPU.ActiveCfg = Debug|Any CPU
		{74E1CFCC-AC9B-EEFA-3857-9B97062BEF3E}.Debug|Any CPU.Build.0 = Debug|Any CPU
		{74E1CFCC-AC9B-EEFA-3857-9B97062BEF3E}.Release|Any CPU.ActiveCfg = Release|Any CPU
		{74E1CFCC-AC9B-EEFA-3857-9B97062BEF3E}.Release|Any CPU.Build.0 = Release|Any CPU
		{10AC4B5F-B5A9-8B1C-4071-C4041B67CA50}.Debug|Any CPU.ActiveCfg = Debug|Any CPU
		{10AC4B5F-B5A9-8B1C-4071-C4041B67CA50}.Debug|Any CPU.Build.0 = Debug|Any CPU
		{10AC4B5F-B5A9-8B1C-4071-C4041B67CA50}.Release|Any CPU.ActiveCfg = Release|Any CPU
		{10AC4B5F-B5A9-8B1C-4071-C4041B67CA50}.Release|Any CPU.Build.0 = Release|Any CPU
		{319D8282-1DB9-205B-EA99-FC231016A12A}.Debug|Any CPU.ActiveCfg = Debug|Any CPU
		{319D8282-1DB9-205B-EA99-FC231016A12A}.Debug|Any CPU.Build.0 = Debug|Any CPU
		{319D8282-1DB9-205B-EA99-FC231016A12A}.Release|Any CPU.ActiveCfg = Release|Any CPU
		{319D8282-1DB9-205B-EA99-FC231016A12A}.Release|Any CPU.Build.0 = Release|Any CPU
		{91070EDC-DE0E-2947-3167-ABDF6BF98C80}.Debug|Any CPU.ActiveCfg = Debug|Any CPU
		{91070EDC-DE0E-2947-3167-ABDF6BF98C80}.Debug|Any CPU.Build.0 = Debug|Any CPU
		{91070EDC-DE0E-2947-3167-ABDF6BF98C80}.Release|Any CPU.ActiveCfg = Release|Any CPU
		{91070EDC-DE0E-2947-3167-ABDF6BF98C80}.Release|Any CPU.Build.0 = Release|Any CPU
	EndGlobalSection
	GlobalSection(SolutionProperties) = preSolution
		HideSolutionNode = FALSE
	EndGlobalSection
				GlobalSection(MonoDevelopProperties) = preSolution
		StartupItem = Assembly-CSharp.csproj
		Policies = $0
		$0.TextStylePolicy = $1
		$1.inheritsSet = null
		$1.scope = text/x-csharp
		$0.CSharpFormattingPolicy = $2
		$2.inheritsSet = Mono
		$2.inheritsScope = text/x-csharp
		$2.scope = text/x-csharp
		$0.TextStylePolicy = $3
		$3.FileWidth = 120
		$3.TabWidth = 4
		$3.EolMarker = Unix
		$3.inheritsSet = Mono
		$3.inheritsScope = text/plain
		$3.scope = text/plain
	EndGlobalSection

EndGlobal
